
Microsoft Visual Studio Solution File, Format Version 12.00
# Visual Studio 15
VisualStudioVersion = 15.0.27004.2005
MinimumVisualStudioVersion = 10.0.40219.1
Project("{FAE04EC0-301F-11D3-BF4B-00C04F79EFBC}") = "DracoGame.Desktop", "DracoGame.Desktop\DracoGame.Desktop.csproj", "{66BA2563-C616-41A7-A583-3C93E47BFA9A}"
EndProject
Project("{2150E333-8FDC-42A3-9474-1A3956D46DE8}") = "Nez", "Nez", "{2AA5CE84-0FB3-4F7C-AB47-0F8C197A0713}"
EndProject
Project("{FAE04EC0-301F-11D3-BF4B-00C04F79EFBC}") = "Nez.PipelineImporter", "Nez\Nez.PipelineImporter\Nez.PipelineImporter.csproj", "{63E831F4-B847-4150-B5AF-CBE059EE27B8}"
EndProject
Project("{FAE04EC0-301F-11D3-BF4B-00C04F79EFBC}") = "Nez", "Nez\Nez.Portable\Nez.csproj", "{60B7197D-D0D5-405C-90A2-A56903E9B039}"
EndProject
Project("{FAE04EC0-301F-11D3-BF4B-00C04F79EFBC}") = "DracoGame.Shared", "DracoGame.Shared\DracoGame.Shared.csproj", "{88E4FB84-61AB-4035-867C-DAA65778BB50}"
	ProjectSection(ProjectDependencies) = postProject
		{63E831F4-B847-4150-B5AF-CBE059EE27B8} = {63E831F4-B847-4150-B5AF-CBE059EE27B8}
	EndProjectSection
EndProject
Project("{FAE04EC0-301F-11D3-BF4B-00C04F79EFBC}") = "DracoGame.Android", "DracoGame.Android\DracoGame.Android.csproj", "{E8ECB2AE-4CB6-4B95-A40A-10147BB6E8B1}"
EndProject
Project("{FAE04EC0-301F-11D3-BF4B-00C04F79EFBC}") = "DracoGame.iOS", "DracoGame.iOS\DracoGame.iOS.csproj", "{4E2BEE90-A1CA-4F29-BE58-CEBF0200EACC}"
EndProject
Global
	GlobalSection(SolutionConfigurationPlatforms) = preSolution
		Ad-Hoc|Any CPU = Ad-Hoc|Any CPU
		Ad-Hoc|iPhone = Ad-Hoc|iPhone
		Ad-Hoc|iPhoneSimulator = Ad-Hoc|iPhoneSimulator
		AppStore|Any CPU = AppStore|Any CPU
		AppStore|iPhone = AppStore|iPhone
		AppStore|iPhoneSimulator = AppStore|iPhoneSimulator
		Debug|Any CPU = Debug|Any CPU
		Debug|iPhone = Debug|iPhone
		Debug|iPhoneSimulator = Debug|iPhoneSimulator
		Release|Any CPU = Release|Any CPU
		Release|iPhone = Release|iPhone
		Release|iPhoneSimulator = Release|iPhoneSimulator
	EndGlobalSection
	GlobalSection(ProjectConfigurationPlatforms) = postSolution
		{66BA2563-C616-41A7-A583-3C93E47BFA9A}.Ad-Hoc|Any CPU.ActiveCfg = Release|Any CPU
		{66BA2563-C616-41A7-A583-3C93E47BFA9A}.Ad-Hoc|Any CPU.Build.0 = Release|Any CPU
		{66BA2563-C616-41A7-A583-3C93E47BFA9A}.Ad-Hoc|iPhone.ActiveCfg = Release|Any CPU
		{66BA2563-C616-41A7-A583-3C93E47BFA9A}.Ad-Hoc|iPhone.Build.0 = Release|Any CPU
		{66BA2563-C616-41A7-A583-3C93E47BFA9A}.Ad-Hoc|iPhoneSimulator.ActiveCfg = Release|Any CPU
		{66BA2563-C616-41A7-A583-3C93E47BFA9A}.Ad-Hoc|iPhoneSimulator.Build.0 = Release|Any CPU
		{66BA2563-C616-41A7-A583-3C93E47BFA9A}.AppStore|Any CPU.ActiveCfg = Release|Any CPU
		{66BA2563-C616-41A7-A583-3C93E47BFA9A}.AppStore|Any CPU.Build.0 = Release|Any CPU
		{66BA2563-C616-41A7-A583-3C93E47BFA9A}.AppStore|iPhone.ActiveCfg = Release|Any CPU
		{66BA2563-C616-41A7-A583-3C93E47BFA9A}.AppStore|iPhone.Build.0 = Release|Any CPU
		{66BA2563-C616-41A7-A583-3C93E47BFA9A}.AppStore|iPhoneSimulator.ActiveCfg = Release|Any CPU
		{66BA2563-C616-41A7-A583-3C93E47BFA9A}.AppStore|iPhoneSimulator.Build.0 = Release|Any CPU
		{66BA2563-C616-41A7-A583-3C93E47BFA9A}.Debug|Any CPU.ActiveCfg = Debug|Any CPU
		{66BA2563-C616-41A7-A583-3C93E47BFA9A}.Debug|Any CPU.Build.0 = Debug|Any CPU
		{66BA2563-C616-41A7-A583-3C93E47BFA9A}.Debug|iPhone.ActiveCfg = Debug|Any CPU
		{66BA2563-C616-41A7-A583-3C93E47BFA9A}.Debug|iPhone.Build.0 = Debug|Any CPU
		{66BA2563-C616-41A7-A583-3C93E47BFA9A}.Debug|iPhoneSimulator.ActiveCfg = Debug|Any CPU
		{66BA2563-C616-41A7-A583-3C93E47BFA9A}.Debug|iPhoneSimulator.Build.0 = Debug|Any CPU
		{66BA2563-C616-41A7-A583-3C93E47BFA9A}.Release|Any CPU.ActiveCfg = Release|Any CPU
		{66BA2563-C616-41A7-A583-3C93E47BFA9A}.Release|Any CPU.Build.0 = Release|Any CPU
		{66BA2563-C616-41A7-A583-3C93E47BFA9A}.Release|iPhone.ActiveCfg = Release|Any CPU
		{66BA2563-C616-41A7-A583-3C93E47BFA9A}.Release|iPhone.Build.0 = Release|Any CPU
		{66BA2563-C616-41A7-A583-3C93E47BFA9A}.Release|iPhoneSimulator.ActiveCfg = Release|Any CPU
		{66BA2563-C616-41A7-A583-3C93E47BFA9A}.Release|iPhoneSimulator.Build.0 = Release|Any CPU
		{63E831F4-B847-4150-B5AF-CBE059EE27B8}.Ad-Hoc|Any CPU.ActiveCfg = Release|Any CPU
		{63E831F4-B847-4150-B5AF-CBE059EE27B8}.Ad-Hoc|Any CPU.Build.0 = Release|Any CPU
		{63E831F4-B847-4150-B5AF-CBE059EE27B8}.Ad-Hoc|iPhone.ActiveCfg = Release|Any CPU
		{63E831F4-B847-4150-B5AF-CBE059EE27B8}.Ad-Hoc|iPhone.Build.0 = Release|Any CPU
		{63E831F4-B847-4150-B5AF-CBE059EE27B8}.Ad-Hoc|iPhoneSimulator.ActiveCfg = Release|Any CPU
		{63E831F4-B847-4150-B5AF-CBE059EE27B8}.Ad-Hoc|iPhoneSimulator.Build.0 = Release|Any CPU
		{63E831F4-B847-4150-B5AF-CBE059EE27B8}.AppStore|Any CPU.ActiveCfg = Release|Any CPU
		{63E831F4-B847-4150-B5AF-CBE059EE27B8}.AppStore|Any CPU.Build.0 = Release|Any CPU
		{63E831F4-B847-4150-B5AF-CBE059EE27B8}.AppStore|iPhone.ActiveCfg = Release|Any CPU
		{63E831F4-B847-4150-B5AF-CBE059EE27B8}.AppStore|iPhone.Build.0 = Release|Any CPU
		{63E831F4-B847-4150-B5AF-CBE059EE27B8}.AppStore|iPhoneSimulator.ActiveCfg = Release|Any CPU
		{63E831F4-B847-4150-B5AF-CBE059EE27B8}.AppStore|iPhoneSimulator.Build.0 = Release|Any CPU
		{63E831F4-B847-4150-B5AF-CBE059EE27B8}.Debug|Any CPU.ActiveCfg = Debug|Any CPU
		{63E831F4-B847-4150-B5AF-CBE059EE27B8}.Debug|Any CPU.Build.0 = Debug|Any CPU
		{63E831F4-B847-4150-B5AF-CBE059EE27B8}.Debug|iPhone.ActiveCfg = Debug|Any CPU
		{63E831F4-B847-4150-B5AF-CBE059EE27B8}.Debug|iPhone.Build.0 = Debug|Any CPU
		{63E831F4-B847-4150-B5AF-CBE059EE27B8}.Debug|iPhoneSimulator.ActiveCfg = Debug|Any CPU
		{63E831F4-B847-4150-B5AF-CBE059EE27B8}.Debug|iPhoneSimulator.Build.0 = Debug|Any CPU
		{63E831F4-B847-4150-B5AF-CBE059EE27B8}.Release|Any CPU.ActiveCfg = Release|Any CPU
		{63E831F4-B847-4150-B5AF-CBE059EE27B8}.Release|Any CPU.Build.0 = Release|Any CPU
		{63E831F4-B847-4150-B5AF-CBE059EE27B8}.Release|iPhone.ActiveCfg = Release|Any CPU
		{63E831F4-B847-4150-B5AF-CBE059EE27B8}.Release|iPhone.Build.0 = Release|Any CPU
		{63E831F4-B847-4150-B5AF-CBE059EE27B8}.Release|iPhoneSimulator.ActiveCfg = Release|Any CPU
		{63E831F4-B847-4150-B5AF-CBE059EE27B8}.Release|iPhoneSimulator.Build.0 = Release|Any CPU
		{60B7197D-D0D5-405C-90A2-A56903E9B039}.Ad-Hoc|Any CPU.ActiveCfg = Release|Any CPU
		{60B7197D-D0D5-405C-90A2-A56903E9B039}.Ad-Hoc|Any CPU.Build.0 = Release|Any CPU
		{60B7197D-D0D5-405C-90A2-A56903E9B039}.Ad-Hoc|iPhone.ActiveCfg = Release|Any CPU
		{60B7197D-D0D5-405C-90A2-A56903E9B039}.Ad-Hoc|iPhone.Build.0 = Release|Any CPU
		{60B7197D-D0D5-405C-90A2-A56903E9B039}.Ad-Hoc|iPhoneSimulator.ActiveCfg = Release|Any CPU
		{60B7197D-D0D5-405C-90A2-A56903E9B039}.Ad-Hoc|iPhoneSimulator.Build.0 = Release|Any CPU
		{60B7197D-D0D5-405C-90A2-A56903E9B039}.AppStore|Any CPU.ActiveCfg = Release|Any CPU
		{60B7197D-D0D5-405C-90A2-A56903E9B039}.AppStore|Any CPU.Build.0 = Release|Any CPU
		{60B7197D-D0D5-405C-90A2-A56903E9B039}.AppStore|iPhone.ActiveCfg = Release|Any CPU
		{60B7197D-D0D5-405C-90A2-A56903E9B039}.AppStore|iPhone.Build.0 = Release|Any CPU
		{60B7197D-D0D5-405C-90A2-A56903E9B039}.AppStore|iPhoneSimulator.ActiveCfg = Release|Any CPU
		{60B7197D-D0D5-405C-90A2-A56903E9B039}.AppStore|iPhoneSimulator.Build.0 = Release|Any CPU
		{60B7197D-D0D5-405C-90A2-A56903E9B039}.Debug|Any CPU.ActiveCfg = Debug|Any CPU
		{60B7197D-D0D5-405C-90A2-A56903E9B039}.Debug|Any CPU.Build.0 = Debug|Any CPU
		{60B7197D-D0D5-405C-90A2-A56903E9B039}.Debug|iPhone.ActiveCfg = Debug|Any CPU
		{60B7197D-D0D5-405C-90A2-A56903E9B039}.Debug|iPhone.Build.0 = Debug|Any CPU
		{60B7197D-D0D5-405C-90A2-A56903E9B039}.Debug|iPhoneSimulator.ActiveCfg = Debug|Any CPU
		{60B7197D-D0D5-405C-90A2-A56903E9B039}.Debug|iPhoneSimulator.Build.0 = Debug|Any CPU
		{60B7197D-D0D5-405C-90A2-A56903E9B039}.Release|Any CPU.ActiveCfg = Release|Any CPU
		{60B7197D-D0D5-405C-90A2-A56903E9B039}.Release|Any CPU.Build.0 = Release|Any CPU
		{60B7197D-D0D5-405C-90A2-A56903E9B039}.Release|iPhone.ActiveCfg = Release|Any CPU
		{60B7197D-D0D5-405C-90A2-A56903E9B039}.Release|iPhone.Build.0 = Release|Any CPU
		{60B7197D-D0D5-405C-90A2-A56903E9B039}.Release|iPhoneSimulator.ActiveCfg = Release|Any CPU
		{60B7197D-D0D5-405C-90A2-A56903E9B039}.Release|iPhoneSimulator.Build.0 = Release|Any CPU
		{88E4FB84-61AB-4035-867C-DAA65778BB50}.Ad-Hoc|Any CPU.ActiveCfg = Release|Any CPU
		{88E4FB84-61AB-4035-867C-DAA65778BB50}.Ad-Hoc|Any CPU.Build.0 = Release|Any CPU
		{88E4FB84-61AB-4035-867C-DAA65778BB50}.Ad-Hoc|iPhone.ActiveCfg = Release|Any CPU
		{88E4FB84-61AB-4035-867C-DAA65778BB50}.Ad-Hoc|iPhone.Build.0 = Release|Any CPU
		{88E4FB84-61AB-4035-867C-DAA65778BB50}.Ad-Hoc|iPhoneSimulator.ActiveCfg = Release|Any CPU
		{88E4FB84-61AB-4035-867C-DAA65778BB50}.Ad-Hoc|iPhoneSimulator.Build.0 = Release|Any CPU
		{88E4FB84-61AB-4035-867C-DAA65778BB50}.AppStore|Any CPU.ActiveCfg = Release|Any CPU
		{88E4FB84-61AB-4035-867C-DAA65778BB50}.AppStore|Any CPU.Build.0 = Release|Any CPU
		{88E4FB84-61AB-4035-867C-DAA65778BB50}.AppStore|iPhone.ActiveCfg = Release|Any CPU
		{88E4FB84-61AB-4035-867C-DAA65778BB50}.AppStore|iPhone.Build.0 = Release|Any CPU
		{88E4FB84-61AB-4035-867C-DAA65778BB50}.AppStore|iPhoneSimulator.ActiveCfg = Release|Any CPU
		{88E4FB84-61AB-4035-867C-DAA65778BB50}.AppStore|iPhoneSimulator.Build.0 = Release|Any CPU
		{88E4FB84-61AB-4035-867C-DAA65778BB50}.Debug|Any CPU.ActiveCfg = Debug|Any CPU
		{88E4FB84-61AB-4035-867C-DAA65778BB50}.Debug|Any CPU.Build.0 = Debug|Any CPU
		{88E4FB84-61AB-4035-867C-DAA65778BB50}.Debug|iPhone.ActiveCfg = Debug|Any CPU
		{88E4FB84-61AB-4035-867C-DAA65778BB50}.Debug|iPhone.Build.0 = Debug|Any CPU
		{88E4FB84-61AB-4035-867C-DAA65778BB50}.Debug|iPhoneSimulator.ActiveCfg = Debug|Any CPU
		{88E4FB84-61AB-4035-867C-DAA65778BB50}.Debug|iPhoneSimulator.Build.0 = Debug|Any CPU
		{88E4FB84-61AB-4035-867C-DAA65778BB50}.Release|Any CPU.ActiveCfg = Release|Any CPU
		{88E4FB84-61AB-4035-867C-DAA65778BB50}.Release|Any CPU.Build.0 = Release|Any CPU
		{88E4FB84-61AB-4035-867C-DAA65778BB50}.Release|iPhone.ActiveCfg = Release|Any CPU
		{88E4FB84-61AB-4035-867C-DAA65778BB50}.Release|iPhone.Build.0 = Release|Any CPU
		{88E4FB84-61AB-4035-867C-DAA65778BB50}.Release|iPhoneSimulator.ActiveCfg = Release|Any CPU
		{88E4FB84-61AB-4035-867C-DAA65778BB50}.Release|iPhoneSimulator.Build.0 = Release|Any CPU
		{E8ECB2AE-4CB6-4B95-A40A-10147BB6E8B1}.Ad-Hoc|Any CPU.ActiveCfg = Release|Any CPU
		{E8ECB2AE-4CB6-4B95-A40A-10147BB6E8B1}.Ad-Hoc|Any CPU.Build.0 = Release|Any CPU
		{E8ECB2AE-4CB6-4B95-A40A-10147BB6E8B1}.Ad-Hoc|Any CPU.Deploy.0 = Release|Any CPU
		{E8ECB2AE-4CB6-4B95-A40A-10147BB6E8B1}.Ad-Hoc|iPhone.ActiveCfg = Release|Any CPU
		{E8ECB2AE-4CB6-4B95-A40A-10147BB6E8B1}.Ad-Hoc|iPhone.Build.0 = Release|Any CPU
		{E8ECB2AE-4CB6-4B95-A40A-10147BB6E8B1}.Ad-Hoc|iPhone.Deploy.0 = Release|Any CPU
		{E8ECB2AE-4CB6-4B95-A40A-10147BB6E8B1}.Ad-Hoc|iPhoneSimulator.ActiveCfg = Release|Any CPU
		{E8ECB2AE-4CB6-4B95-A40A-10147BB6E8B1}.Ad-Hoc|iPhoneSimulator.Build.0 = Release|Any CPU
		{E8ECB2AE-4CB6-4B95-A40A-10147BB6E8B1}.Ad-Hoc|iPhoneSimulator.Deploy.0 = Release|Any CPU
		{E8ECB2AE-4CB6-4B95-A40A-10147BB6E8B1}.AppStore|Any CPU.ActiveCfg = Release|Any CPU
		{E8ECB2AE-4CB6-4B95-A40A-10147BB6E8B1}.AppStore|Any CPU.Build.0 = Release|Any CPU
		{E8ECB2AE-4CB6-4B95-A40A-10147BB6E8B1}.AppStore|Any CPU.Deploy.0 = Release|Any CPU
		{E8ECB2AE-4CB6-4B95-A40A-10147BB6E8B1}.AppStore|iPhone.ActiveCfg = Release|Any CPU
		{E8ECB2AE-4CB6-4B95-A40A-10147BB6E8B1}.AppStore|iPhone.Build.0 = Release|Any CPU
		{E8ECB2AE-4CB6-4B95-A40A-10147BB6E8B1}.AppStore|iPhone.Deploy.0 = Release|Any CPU
		{E8ECB2AE-4CB6-4B95-A40A-10147BB6E8B1}.AppStore|iPhoneSimulator.ActiveCfg = Release|Any CPU
		{E8ECB2AE-4CB6-4B95-A40A-10147BB6E8B1}.AppStore|iPhoneSimulator.Build.0 = Release|Any CPU
		{E8ECB2AE-4CB6-4B95-A40A-10147BB6E8B1}.AppStore|iPhoneSimulator.Deploy.0 = Release|Any CPU
		{E8ECB2AE-4CB6-4B95-A40A-10147BB6E8B1}.Debug|Any CPU.ActiveCfg = Debug|Any CPU
		{E8ECB2AE-4CB6-4B95-A40A-10147BB6E8B1}.Debug|Any CPU.Build.0 = Debug|Any CPU
		{E8ECB2AE-4CB6-4B95-A40A-10147BB6E8B1}.Debug|Any CPU.Deploy.0 = Debug|Any CPU
		{E8ECB2AE-4CB6-4B95-A40A-10147BB6E8B1}.Debug|iPhone.ActiveCfg = Debug|Any CPU
		{E8ECB2AE-4CB6-4B95-A40A-10147BB6E8B1}.Debug|iPhone.Build.0 = Debug|Any CPU
		{E8ECB2AE-4CB6-4B95-A40A-10147BB6E8B1}.Debug|iPhone.Deploy.0 = Debug|Any CPU
		{E8ECB2AE-4CB6-4B95-A40A-10147BB6E8B1}.Debug|iPhoneSimulator.ActiveCfg = Debug|Any CPU
		{E8ECB2AE-4CB6-4B95-A40A-10147BB6E8B1}.Debug|iPhoneSimulator.Build.0 = Debug|Any CPU
		{E8ECB2AE-4CB6-4B95-A40A-10147BB6E8B1}.Debug|iPhoneSimulator.Deploy.0 = Debug|Any CPU
		{E8ECB2AE-4CB6-4B95-A40A-10147BB6E8B1}.Release|Any CPU.ActiveCfg = Release|Any CPU
		{E8ECB2AE-4CB6-4B95-A40A-10147BB6E8B1}.Release|Any CPU.Build.0 = Release|Any CPU
		{E8ECB2AE-4CB6-4B95-A40A-10147BB6E8B1}.Release|Any CPU.Deploy.0 = Release|Any CPU
		{E8ECB2AE-4CB6-4B95-A40A-10147BB6E8B1}.Release|iPhone.ActiveCfg = Release|Any CPU
		{E8ECB2AE-4CB6-4B95-A40A-10147BB6E8B1}.Release|iPhone.Build.0 = Release|Any CPU
		{E8ECB2AE-4CB6-4B95-A40A-10147BB6E8B1}.Release|iPhone.Deploy.0 = Release|Any CPU
		{E8ECB2AE-4CB6-4B95-A40A-10147BB6E8B1}.Release|iPhoneSimulator.ActiveCfg = Release|Any CPU
		{E8ECB2AE-4CB6-4B95-A40A-10147BB6E8B1}.Release|iPhoneSimulator.Build.0 = Release|Any CPU
		{E8ECB2AE-4CB6-4B95-A40A-10147BB6E8B1}.Release|iPhoneSimulator.Deploy.0 = Release|Any CPU
		{4E2BEE90-A1CA-4F29-BE58-CEBF0200EACC}.Ad-Hoc|Any CPU.ActiveCfg = Ad-Hoc|iPhone
		{4E2BEE90-A1CA-4F29-BE58-CEBF0200EACC}.Ad-Hoc|iPhone.ActiveCfg = Ad-Hoc|iPhone
		{4E2BEE90-A1CA-4F29-BE58-CEBF0200EACC}.Ad-Hoc|iPhone.Build.0 = Ad-Hoc|iPhone
		{4E2BEE90-A1CA-4F29-BE58-CEBF0200EACC}.Ad-Hoc|iPhoneSimulator.ActiveCfg = Ad-Hoc|iPhoneSimulator
		{4E2BEE90-A1CA-4F29-BE58-CEBF0200EACC}.Ad-Hoc|iPhoneSimulator.Build.0 = Ad-Hoc|iPhoneSimulator
		{4E2BEE90-A1CA-4F29-BE58-CEBF0200EACC}.AppStore|Any CPU.ActiveCfg = AppStore|iPhone
		{4E2BEE90-A1CA-4F29-BE58-CEBF0200EACC}.AppStore|iPhone.ActiveCfg = AppStore|iPhone
		{4E2BEE90-A1CA-4F29-BE58-CEBF0200EACC}.AppStore|iPhone.Build.0 = AppStore|iPhone
		{4E2BEE90-A1CA-4F29-BE58-CEBF0200EACC}.AppStore|iPhoneSimulator.ActiveCfg = AppStore|iPhoneSimulator
		{4E2BEE90-A1CA-4F29-BE58-CEBF0200EACC}.AppStore|iPhoneSimulator.Build.0 = AppStore|iPhoneSimulator
		{4E2BEE90-A1CA-4F29-BE58-CEBF0200EACC}.Debug|Any CPU.ActiveCfg = Debug|iPhone
		{4E2BEE90-A1CA-4F29-BE58-CEBF0200EACC}.Debug|iPhone.ActiveCfg = Debug|iPhone
		{4E2BEE90-A1CA-4F29-BE58-CEBF0200EACC}.Debug|iPhone.Build.0 = Debug|iPhone
		{4E2BEE90-A1CA-4F29-BE58-CEBF0200EACC}.Debug|iPhoneSimulator.ActiveCfg = Debug|iPhoneSimulator
		{4E2BEE90-A1CA-4F29-BE58-CEBF0200EACC}.Debug|iPhoneSimulator.Build.0 = Debug|iPhoneSimulator
		{4E2BEE90-A1CA-4F29-BE58-CEBF0200EACC}.Release|Any CPU.ActiveCfg = Release|iPhone
		{4E2BEE90-A1CA-4F29-BE58-CEBF0200EACC}.Release|iPhone.ActiveCfg = Release|iPhone
		{4E2BEE90-A1CA-4F29-BE58-CEBF0200EACC}.Release|iPhone.Build.0 = Release|iPhone
		{4E2BEE90-A1CA-4F29-BE58-CEBF0200EACC}.Release|iPhoneSimulator.ActiveCfg = Release|iPhoneSimulator
		{4E2BEE90-A1CA-4F29-BE58-CEBF0200EACC}.Release|iPhoneSimulator.Build.0 = Release|iPhoneSimulator
	EndGlobalSection
	GlobalSection(SolutionProperties) = preSolution
		HideSolutionNode = FALSE
	EndGlobalSection
	GlobalSection(NestedProjects) = preSolution
		{63E831F4-B847-4150-B5AF-CBE059EE27B8} = {2AA5CE84-0FB3-4F7C-AB47-0F8C197A0713}
		{60B7197D-D0D5-405C-90A2-A56903E9B039} = {2AA5CE84-0FB3-4F7C-AB47-0F8C197A0713}
	EndGlobalSection
	GlobalSection(ExtensibilityGlobals) = postSolution
		SolutionGuid = {3120254B-6288-4334-843E-970D985EFD53}
	EndGlobalSection
EndGlobal
